// !$*UTF8*$!
{
	archiveVersion = 1;
	classes = {
	};
	objectVersion = 77;
	objects = {

/* Begin PBXBuildFile section */
		404A0A0F2DDBD0FF004B72B8 /* Auth in Frameworks */ = {isa = PBXBuildFile; productRef = 404A0A0E2DDBD0FF004B72B8 /* Auth */; };
		404A0A112DDBD0FF004B72B8 /* Functions in Frameworks */ = {isa = PBXBuildFile; productRef = 404A0A102DDBD0FF004B72B8 /* Functions */; };
		404A0A132DDBD0FF004B72B8 /* PostgREST in Frameworks */ = {isa = PBXBuildFile; productRef = 404A0A122DDBD0FF004B72B8 /* PostgREST */; };
		404A0A152DDBD0FF004B72B8 /* Realtime in Frameworks */ = {isa = PBXBuildFile; productRef = 404A0A142DDBD0FF004B72B8 /* Realtime */; };
		404A0A172DDBD0FF004B72B8 /* Storage in Frameworks */ = {isa = PBXBuildFile; productRef = 404A0A162DDBD0FF004B72B8 /* Storage */; };
		4099CE652DE91BF400D3D0CD /* Supabase in Frameworks */ = {isa = PBXBuildFile; productRef = 4099CE642DE91BF400D3D0CD /* Supabase */; };
		4099CE892DF6973000D3D0CD /* Neumorphic in Frameworks */ = {isa = PBXBuildFile; productRef = 4099CE882DF6973000D3D0CD /* Neumorphic */; };
/* End PBXBuildFile section */

/* Begin PBXFileReference section */
		404A09F32DDBACEB004B72B8 /* Nero.app */ = {isa = PBXFileReference; explicitFileType = wrapper.application; includeInIndex = 0; path = Nero.app; sourceTree = BUILT_PRODUCTS_DIR; };
/* End PBXFileReference section */

/* Begin PBXFileSystemSynchronizedBuildFileExceptionSet section */
		409C391E2E39FF95003BBC0C /* Exceptions for "Nero" folder in "Nero" target */ = {
			isa = PBXFileSystemSynchronizedBuildFileExceptionSet;
			membershipExceptions = (
				Info.plist,
			);
			target = 404A09F22DDBACEB004B72B8 /* Nero */;
		};
/* End PBXFileSystemSynchronizedBuildFileExceptionSet section */

/* Begin PBXFileSystemSynchronizedRootGroup section */
		404A09F52DDBACEB004B72B8 /* Nero */ = {
			isa = PBXFileSystemSynchronizedRootGroup;
			exceptions = (
				409C391E2E39FF95003BBC0C /* Exceptions for "Nero" folder in "Nero" target */,
			);
			path = Nero;
			sourceTree = "<group>";
		};
/* End PBXFileSystemSynchronizedRootGroup section */

/* Begin PBXFrameworksBuildPhase section */
		404A09F02DDBACEB004B72B8 /* Frameworks */ = {
			isa = PBXFrameworksBuildPhase;
			buildActionMask = 2147483647;
			files = (
				404A0A132DDBD0FF004B72B8 /* PostgREST in Frameworks */,
				404A0A112DDBD0FF004B72B8 /* Functions in Frameworks */,
				4099CE652DE91BF400D3D0CD /* Supabase in Frameworks */,
				404A0A0F2DDBD0FF004B72B8 /* Auth in Frameworks */,
				4099CE892DF6973000D3D0CD /* Neumorphic in Frameworks */,
				404A0A172DDBD0FF004B72B8 /* Storage in Frameworks */,
				404A0A152DDBD0FF004B72B8 /* Realtime in Frameworks */,
			);
			runOnlyForDeploymentPostprocessing = 0;
		};
/* End PBXFrameworksBuildPhase section */

/* Begin PBXGroup section */
		404A09EA2DDBACEB004B72B8 = {
			isa = PBXGroup;
			children = (
				404A09F52DDBACEB004B72B8 /* Nero */,
				4099CE632DE91BF400D3D0CD /* Frameworks */,
				404A09F42DDBACEB004B72B8 /* Products */,
			);
			sourceTree = "<group>";
		};
		404A09F42DDBACEB004B72B8 /* Products */ = {
			isa = PBXGroup;
			children = (
				404A09F32DDBACEB004B72B8 /* Nero.app */,
			);
			name = Products;
			sourceTree = "<group>";
		};
		4099CE632DE91BF400D3D0CD /* Frameworks */ = {
			isa = PBXGroup;
			children = (
			);
			name = Frameworks;
			sourceTree = "<group>";
		};
/* End PBXGroup section */

/* Begin PBXNativeTarget section */
		404A09F22DDBACEB004B72B8 /* Nero */ = {
			isa = PBXNativeTarget;
			buildConfigurationList = 404A0A032DDBACED004B72B8 /* Build configuration list for PBXNativeTarget "Nero" */;
			buildPhases = (
				404A09EF2DDBACEB004B72B8 /* Sources */,
				404A09F02DDBACEB004B72B8 /* Frameworks */,
				404A09F12DDBACEB004B72B8 /* Resources */,
			);
			buildRules = (
			);
			dependencies = (
			);
			fileSystemSynchronizedGroups = (
				404A09F52DDBACEB004B72B8 /* Nero */,
			);
			name = Nero;
			packageProductDependencies = (
				404A0A0E2DDBD0FF004B72B8 /* Auth */,
				404A0A102DDBD0FF004B72B8 /* Functions */,
				404A0A122DDBD0FF004B72B8 /* PostgREST */,
				404A0A142DDBD0FF004B72B8 /* Realtime */,
				404A0A162DDBD0FF004B72B8 /* Storage */,
				4099CE642DE91BF400D3D0CD /* Supabase */,
				4099CE882DF6973000D3D0CD /* Neumorphic */,
			);
			productName = Nero;
			productReference = 404A09F32DDBACEB004B72B8 /* Nero.app */;
			productType = "com.apple.product-type.application";
		};
/* End PBXNativeTarget section */

/* Begin PBXProject section */
		404A09EB2DDBACEB004B72B8 /* Project object */ = {
			isa = PBXProject;
			attributes = {
				BuildIndependentTargetsInParallel = 1;
				LastSwiftUpdateCheck = 1600;
				LastUpgradeCheck = 1600;
				TargetAttributes = {
					404A09F22DDBACEB004B72B8 = {
						CreatedOnToolsVersion = 16.0;
					};
				};
			};
			buildConfigurationList = 404A09EE2DDBACEB004B72B8 /* Build configuration list for PBXProject "Nero" */;
			developmentRegion = en;
			hasScannedForEncodings = 0;
			knownRegions = (
				en,
				Base,
			);
			mainGroup = 404A09EA2DDBACEB004B72B8;
			minimizedProjectReferenceProxies = 1;
			packageReferences = (
				404A0A0D2DDBD0FF004B72B8 /* XCRemoteSwiftPackageReference "supabase-swift" */,
				4099CE872DF6973000D3D0CD /* XCRemoteSwiftPackageReference "neumorphic" */,
			);
			preferredProjectObjectVersion = 77;
			productRefGroup = 404A09F42DDBACEB004B72B8 /* Products */;
			projectDirPath = "";
			projectRoot = "";
			targets = (
				404A09F22DDBACEB004B72B8 /* Nero */,
			);
		};
/* End PBXProject section */

/* Begin PBXResourcesBuildPhase section */
		404A09F12DDBACEB004B72B8 /* Resources */ = {
			isa = PBXResourcesBuildPhase;
			buildActionMask = 2147483647;
			files = (
			);
			runOnlyForDeploymentPostprocessing = 0;
		};
/* End PBXResourcesBuildPhase section */

/* Begin PBXSourcesBuildPhase section */
		404A09EF2DDBACEB004B72B8 /* Sources */ = {
			isa = PBXSourcesBuildPhase;
			buildActionMask = 2147483647;
			files = (
			);
			runOnlyForDeploymentPostprocessing = 0;
		};
/* End PBXSourcesBuildPhase section */

/* Begin XCBuildConfiguration section */
		404A0A012DDBACED004B72B8 /* Debug */ = {
			isa = XCBuildConfiguration;
			buildSettings = {
				ALWAYS_SEARCH_USER_PATHS = NO;
				ASSETCATALOG_COMPILER_GENERATE_SWIFT_ASSET_SYMBOL_EXTENSIONS = YES;
				CLANG_ANALYZER_NONNULL = YES;
				CLANG_ANALYZER_NUMBER_OBJECT_CONVERSION = YES_AGGRESSIVE;
				CLANG_CXX_LANGUAGE_STANDARD = "gnu++20";
				CLANG_ENABLE_MODULES = YES;
				CLANG_ENABLE_OBJC_ARC = YES;
				CLANG_ENABLE_OBJC_WEAK = YES;
				CLANG_WARN_BLOCK_CAPTURE_AUTORELEASING = YES;
				CLANG_WARN_BOOL_CONVERSION = YES;
				CLANG_WARN_COMMA = YES;
				CLANG_WARN_CONSTANT_CONVERSION = YES;
				CLANG_WARN_DEPRECATED_OBJC_IMPLEMENTATIONS = YES;
				CLANG_WARN_DIRECT_OBJC_ISA_USAGE = YES_ERROR;
				CLANG_WARN_DOCUMENTATION_COMMENTS = YES;
				CLANG_WARN_EMPTY_BODY = YES;
				CLANG_WARN_ENUM_CONVERSION = YES;
				CLANG_WARN_INFINITE_RECURSION = YES;
				CLANG_WARN_INT_CONVERSION = YES;
				CLANG_WARN_NON_LITERAL_NULL_CONVERSION = YES;
				CLANG_WARN_OBJC_IMPLICIT_RETAIN_SELF = YES;
				CLANG_WARN_OBJC_LITERAL_CONVERSION = YES;
				CLANG_WARN_OBJC_ROOT_CLASS = YES_ERROR;
				CLANG_WARN_QUOTED_INCLUDE_IN_FRAMEWORK_HEADER = YES;
				CLANG_WARN_RANGE_LOOP_ANALYSIS = YES;
				CLANG_WARN_STRICT_PROTOTYPES = YES;
				CLANG_WARN_SUSPICIOUS_MOVE = YES;
				CLANG_WARN_UNGUARDED_AVAILABILITY = YES_AGGRESSIVE;
				CLANG_WARN_UNREACHABLE_CODE = YES;
				CLANG_WARN__DUPLICATE_METHOD_MATCH = YES;
				COPY_PHASE_STRIP = NO;
				DEBUG_INFORMATION_FORMAT = dwarf;
				ENABLE_STRICT_OBJC_MSGSEND = YES;
				ENABLE_TESTABILITY = YES;
				ENABLE_USER_SCRIPT_SANDBOXING = YES;
				GCC_C_LANGUAGE_STANDARD = gnu17;
				GCC_DYNAMIC_NO_PIC = NO;
				GCC_NO_COMMON_BLOCKS = YES;
				GCC_OPTIMIZATION_LEVEL = 0;
				GCC_PREPROCESSOR_DEFINITIONS = (
					"DEBUG=1",
					"$(inherited)",
				);
				GCC_WARN_64_TO_32_BIT_CONVERSION = YES;
				GCC_WARN_ABOUT_RETURN_TYPE = YES_ERROR;
				GCC_WARN_UNDECLARED_SELECTOR = YES;
				GCC_WARN_UNINITIALIZED_AUTOS = YES_AGGRESSIVE;
				GCC_WARN_UNUSED_FUNCTION = YES;
				GCC_WARN_UNUSED_VARIABLE = YES;
				IPHONEOS_DEPLOYMENT_TARGET = 18.0;
				LOCALIZATION_PREFERS_STRING_CATALOGS = YES;
				MTL_ENABLE_DEBUG_INFO = INCLUDE_SOURCE;
				MTL_FAST_MATH = YES;
				ONLY_ACTIVE_ARCH = YES;
				SDKROOT = iphoneos;
				SUPABASE_ANON_KEY = eyJhbGciOiJIUzI1NiIsInR5cCI6IkpXVCJ9.eyJpc3MiOiJzdXBhYmFzZSIsInJlZiI6InpvaGpmdXllaGd6eHNjZHRxc29vIiwicm9sZSI6ImFub24iLCJpYXQiOjE3NDc2ODA0MDYsImV4cCI6MjA2MzI1NjQwNn0.o3RiiCvjC6jIcmFPSbPy_anglAaRyzajNV5DkJnZQls;
				SUPABASE_URL = "https://zohjfuyehgzxscdtqsoo.supabase.co";
				SWIFT_ACTIVE_COMPILATION_CONDITIONS = "DEBUG $(inherited)";
				SWIFT_OPTIMIZATION_LEVEL = "-Onone";
			};
			name = Debug;
		};
		404A0A022DDBACED004B72B8 /* Release */ = {
			isa = XCBuildConfiguration;
			buildSettings = {
				ALWAYS_SEARCH_USER_PATHS = NO;
				ASSETCATALOG_COMPILER_GENERATE_SWIFT_ASSET_SYMBOL_EXTENSIONS = YES;
				CLANG_ANALYZER_NONNULL = YES;
				CLANG_ANALYZER_NUMBER_OBJECT_CONVERSION = YES_AGGRESSIVE;
				CLANG_CXX_LANGUAGE_STANDARD = "gnu++20";
				CLANG_ENABLE_MODULES = YES;
				CLANG_ENABLE_OBJC_ARC = YES;
				CLANG_ENABLE_OBJC_WEAK = YES;
				CLANG_WARN_BLOCK_CAPTURE_AUTORELEASING = YES;
				CLANG_WARN_BOOL_CONVERSION = YES;
				CLANG_WARN_COMMA = YES;
				CLANG_WARN_CONSTANT_CONVERSION = YES;
				CLANG_WARN_DEPRECATED_OBJC_IMPLEMENTATIONS = YES;
				CLANG_WARN_DIRECT_OBJC_ISA_USAGE = YES_ERROR;
				CLANG_WARN_DOCUMENTATION_COMMENTS = YES;
				CLANG_WARN_EMPTY_BODY = YES;
				CLANG_WARN_ENUM_CONVERSION = YES;
				CLANG_WARN_INFINITE_RECURSION = YES;
				CLANG_WARN_INT_CONVERSION = YES;
				CLANG_WARN_NON_LITERAL_NULL_CONVERSION = YES;
				CLANG_WARN_OBJC_IMPLICIT_RETAIN_SELF = YES;
				CLANG_WARN_OBJC_LITERAL_CONVERSION = YES;
				CLANG_WARN_OBJC_ROOT_CLASS = YES_ERROR;
				CLANG_WARN_QUOTED_INCLUDE_IN_FRAMEWORK_HEADER = YES;
				CLANG_WARN_RANGE_LOOP_ANALYSIS = YES;
				CLANG_WARN_STRICT_PROTOTYPES = YES;
				CLANG_WARN_SUSPICIOUS_MOVE = YES;
				CLANG_WARN_UNGUARDED_AVAILABILITY = YES_AGGRESSIVE;
				CLANG_WARN_UNREACHABLE_CODE = YES;
				CLANG_WARN__DUPLICATE_METHOD_MATCH = YES;
				COPY_PHASE_STRIP = NO;
				DEBUG_INFORMATION_FORMAT = "dwarf-with-dsym";
				ENABLE_NS_ASSERTIONS = NO;
				ENABLE_STRICT_OBJC_MSGSEND = YES;
				ENABLE_USER_SCRIPT_SANDBOXING = YES;
				GCC_C_LANGUAGE_STANDARD = gnu17;
				GCC_NO_COMMON_BLOCKS = YES;
				GCC_WARN_64_TO_32_BIT_CONVERSION = YES;
				GCC_WARN_ABOUT_RETURN_TYPE = YES_ERROR;
				GCC_WARN_UNDECLARED_SELECTOR = YES;
				GCC_WARN_UNINITIALIZED_AUTOS = YES_AGGRESSIVE;
				GCC_WARN_UNUSED_FUNCTION = YES;
				GCC_WARN_UNUSED_VARIABLE = YES;
				IPHONEOS_DEPLOYMENT_TARGET = 18.0;
				LOCALIZATION_PREFERS_STRING_CATALOGS = YES;
				MTL_ENABLE_DEBUG_INFO = NO;
				MTL_FAST_MATH = YES;
				SDKROOT = iphoneos;
				SUPABASE_ANON_KEY = eyJhbGciOiJIUzI1NiIsInR5cCI6IkpXVCJ9.eyJpc3MiOiJzdXBhYmFzZSIsInJlZiI6InpvaGpmdXllaGd6eHNjZHRxc29vIiwicm9sZSI6ImFub24iLCJpYXQiOjE3NDc2ODA0MDYsImV4cCI6MjA2MzI1NjQwNn0.o3RiiCvjC6jIcmFPSbPy_anglAaRyzajNV5DkJnZQls;
				SUPABASE_URL = "https://zohjfuyehgzxscdtqsoo.supabase.co";
				SWIFT_COMPILATION_MODE = wholemodule;
				VALIDATE_PRODUCT = YES;
			};
			name = Release;
		};
		404A0A042DDBACED004B72B8 /* Debug */ = {
			isa = XCBuildConfiguration;
			buildSettings = {
				ASSETCATALOG_COMPILER_APPICON_NAME = AppIcon;
				ASSETCATALOG_COMPILER_GLOBAL_ACCENT_COLOR_NAME = AccentColor;
				CODE_SIGN_ENTITLEMENTS = Nero/Nero.entitlements;
				CODE_SIGN_STYLE = Automatic;
				CURRENT_PROJECT_VERSION = 1;
				DEVELOPMENT_ASSET_PATHS = "\"Nero/Preview Content\"";
				DEVELOPMENT_TEAM = XK6AQX4LZN;
				ENABLE_PREVIEWS = YES;
				GENERATE_INFOPLIST_FILE = YES;
				INFOPLIST_FILE = Nero/Info.plist;
				INFOPLIST_KEY_CFBundleDisplayName = Cerro;
				INFOPLIST_KEY_UIApplicationSceneManifest_Generation = YES;
				INFOPLIST_KEY_UIApplicationSupportsIndirectInputEvents = YES;
				INFOPLIST_KEY_UILaunchScreen_Generation = YES;
				INFOPLIST_KEY_UISupportedInterfaceOrientations_iPad = "UIInterfaceOrientationPortrait UIInterfaceOrientationPortraitUpsideDown UIInterfaceOrientationLandscapeLeft UIInterfaceOrientationLandscapeRight";
				INFOPLIST_KEY_UISupportedInterfaceOrientations_iPhone = "UIInterfaceOrientationPortrait UIInterfaceOrientationLandscapeLeft UIInterfaceOrientationLandscapeRight";
				LD_RUNPATH_SEARCH_PATHS = (
					"$(inherited)",
					"@executable_path/Frameworks",
				);
				MARKETING_VERSION = 1.3;
				PRODUCT_BUNDLE_IDENTIFIER = gamified.fit.Cerro;
				PRODUCT_NAME = "$(TARGET_NAME)";
				SWIFT_EMIT_LOC_STRINGS = YES;
				SWIFT_VERSION = 5.0;
				TARGETED_DEVICE_FAMILY = "1,2";
			};
			name = Debug;
		};
		404A0A052DDBACED004B72B8 /* Release */ = {
			isa = XCBuildConfiguration;
			buildSettings = {
				ASSETCATALOG_COMPILER_APPICON_NAME = AppIcon;
				ASSETCATALOG_COMPILER_GLOBAL_ACCENT_COLOR_NAME = AccentColor;
				CODE_SIGN_ENTITLEMENTS = Nero/Nero.entitlements;
				CODE_SIGN_STYLE = Automatic;
				CURRENT_PROJECT_VERSION = 1;
				DEVELOPMENT_ASSET_PATHS = "\"Nero/Preview Content\"";
				DEVELOPMENT_TEAM = XK6AQX4LZN;
				ENABLE_PREVIEWS = YES;
				GENERATE_INFOPLIST_FILE = YES;
				INFOPLIST_FILE = Nero/Info.plist;
				INFOPLIST_KEY_CFBundleDisplayName = Cerro;
				INFOPLIST_KEY_UIApplicationSceneManifest_Generation = YES;
				INFOPLIST_KEY_UIApplicationSupportsIndirectInputEvents = YES;
				INFOPLIST_KEY_UILaunchScreen_Generation = YES;
				INFOPLIST_KEY_UISupportedInterfaceOrientations_iPad = "UIInterfaceOrientationPortrait UIInterfaceOrientationPortraitUpsideDown UIInterfaceOrientationLandscapeLeft UIInterfaceOrientationLandscapeRight";
				INFOPLIST_KEY_UISupportedInterfaceOrientations_iPhone = "UIInterfaceOrientationPortrait UIInterfaceOrientationLandscapeLeft UIInterfaceOrientationLandscapeRight";
				LD_RUNPATH_SEARCH_PATHS = (
					"$(inherited)",
					"@executable_path/Frameworks",
				);
				MARKETING_VERSION = 1.3;
				PRODUCT_BUNDLE_IDENTIFIER = gamified.fit.Cerro;
				PRODUCT_NAME = "$(TARGET_NAME)";
				SWIFT_EMIT_LOC_STRINGS = YES;
				SWIFT_VERSION = 5.0;
				TARGETED_DEVICE_FAMILY = "1,2";
			};
			name = Release;
		};
/* End XCBuildConfiguration section */

/* Begin XCConfigurationList section */
		404A09EE2DDBACEB004B72B8 /* Build configuration list for PBXProject "Nero" */ = {
			isa = XCConfigurationList;
			buildConfigurations = (
				404A0A012DDBACED004B72B8 /* Debug */,
				404A0A022DDBACED004B72B8 /* Release */,
			);
			defaultConfigurationIsVisible = 0;
			defaultConfigurationName = Release;
		};
		404A0A032DDBACED004B72B8 /* Build configuration list for PBXNativeTarget "Nero" */ = {
			isa = XCConfigurationList;
			buildConfigurations = (
				404A0A042DDBACED004B72B8 /* Debug */,
				404A0A052DDBACED004B72B8 /* Release */,
			);
			defaultConfigurationIsVisible = 0;
			defaultConfigurationName = Release;
		};
/* End XCConfigurationList section */

/* Begin XCRemoteSwiftPackageReference section */
		404A0A0D2DDBD0FF004B72B8 /* XCRemoteSwiftPackageReference "supabase-swift" */ = {
			isa = XCRemoteSwiftPackageReference;
			repositoryURL = "https://github.com/supabase-community/supabase-swift";
			requirement = {
				kind = upToNextMajorVersion;
				minimumVersion = 2.5.1;
			};
		};
		4099CE872DF6973000D3D0CD /* XCRemoteSwiftPackageReference "neumorphic" */ = {
			isa = XCRemoteSwiftPackageReference;
			repositoryURL = "https://github.com/costachung/neumorphic/";
			requirement = {
				branch = master;
				kind = branch;
			};
		};
/* End XCRemoteSwiftPackageReference section */

/* Begin XCSwiftPackageProductDependency section */
		404A0A0E2DDBD0FF004B72B8 /* Auth */ = {
			isa = XCSwiftPackageProductDependency;
			package = 404A0A0D2DDBD0FF004B72B8 /* XCRemoteSwiftPackageReference "supabase-swift" */;
			productName = Auth;
		};
		404A0A102DDBD0FF004B72B8 /* Functions */ = {
			isa = XCSwiftPackageProductDependency;
			package = 404A0A0D2DDBD0FF004B72B8 /* XCRemoteSwiftPackageReference "supabase-swift" */;
			productName = Functions;
		};
		404A0A122DDBD0FF004B72B8 /* PostgREST */ = {
			isa = XCSwiftPackageProductDependency;
			package = 404A0A0D2DDBD0FF004B72B8 /* XCRemoteSwiftPackageReference "supabase-swift" */;
			productName = PostgREST;
		};
		404A0A142DDBD0FF004B72B8 /* Realtime */ = {
			isa = XCSwiftPackageProductDependency;
			package = 404A0A0D2DDBD0FF004B72B8 /* XCRemoteSwiftPackageReference "supabase-swift" */;
			productName = Realtime;
		};
		404A0A162DDBD0FF004B72B8 /* Storage */ = {
			isa = XCSwiftPackageProductDependency;
			package = 404A0A0D2DDBD0FF004B72B8 /* XCRemoteSwiftPackageReference "supabase-swift" */;
			productName = Storage;
		};
		4099CE642DE91BF400D3D0CD /* Supabase */ = {
			isa = XCSwiftPackageProductDependency;
			package = 404A0A0D2DDBD0FF004B72B8 /* XCRemoteSwiftPackageReference "supabase-swift" */;
			productName = Supabase;
		};
		4099CE882DF6973000D3D0CD /* Neumorphic */ = {
			isa = XCSwiftPackageProductDependency;
			package = 4099CE872DF6973000D3D0CD /* XCRemoteSwiftPackageReference "neumorphic" */;
			productName = Neumorphic;
		};
/* End XCSwiftPackageProductDependency section */
	};
	rootObject = 404A09EB2DDBACEB004B72B8 /* Project object */;
}
